# THIS IS AN AUTOGENERATED FILE. DO NOT EDIT THIS FILE DIRECTLY.
# yarn lockfile v1


shim-streams@^0.0.2:
  version "0.0.2"
  resolved "https://registry.yarnpkg.com/shim-streams/-/shim-streams-0.0.2.tgz#816a9faf9bc158cbc57b5593f2d4c3c9087b02e6"
  integrity sha512-9Otb+FCl13XxRp1nVddtsCbwvB7AEMTjzc3/fixowyzvSVoCzu/VEstblB2SdIDbd61u5D/zpS5u9fGzDdOoZg==

web-streams-polyfill@^3.2.1:
  version "3.2.1"
  resolved "https://registry.yarnpkg.com/web-streams-polyfill/-/web-streams-polyfill-3.2.1.tgz#71c2718c52b45fd49dbeee88634b3a60ceab42a6"
  integrity sha512-e0MO3wdXWKrLbL0DgGnUV7WHVuw9OUvL4hjgnPkIeEvESk74gAITi5G606JtZPp39cd8HA9VQzCIvA49LpPN5Q==

yield-stream@./yield-stream-3.0.0.tgz:
  version "3.0.0"
  resolved "./yield-stream-3.0.0.tgz#cc153b7c37146420001a5063b1351e39bb262fb0"
  dependencies:
    shim-streams "^0.0.2"
    web-streams-polyfill "^3.2.1"
